
Microsoft Visual Studio Solution File, Format Version 12.00
# Visual Studio Version 16
VisualStudioVersion = 16.0.31515.178
MinimumVisualStudioVersion = 10.0.40219.1
Project("{9A19103F-16F7-4668-BE54-9A1E7A4F7556}") = "SQLiteComplex", "DataBases\SQLiteComplex\SQLiteComplex.csproj", "{7BED929B-E7FF-4CC8-86FD-1B71E8FDD7F9}"
EndProject
Project("{9A19103F-16F7-4668-BE54-9A1E7A4F7556}") = "ORMSQLite", "DataBases\ORMSQLite\ORMSQLite.csproj", "{46F1B040-F9DC-499F-BF01-0CC2CFDB3B65}"
EndProject
Project("{9A19103F-16F7-4668-BE54-9A1E7A4F7556}") = "ORMPostgreSQL", "DataBases\ORMPostgreSQL\ORMPostgreSQL.csproj", "{186DFE1D-A86B-41E5-8503-09A0C9898271}"
EndProject
Project("{9A19103F-16F7-4668-BE54-9A1E7A4F7556}") = "ADO_MSSQL", "DataBases\ADOSQL\ADO_MSSQL.csproj", "{59ECDD04-398C-4EB5-8433-F6F041C64C53}"
EndProject
Project("{9A19103F-16F7-4668-BE54-9A1E7A4F7556}") = "ORM_ADO_MSSQLTests", "DataBases\ADOSQLTests\ORM_ADO_MSSQLTests.csproj", "{879A2A47-C644-44C6-8511-78389CC0F82B}"
EndProject
Project("{9A19103F-16F7-4668-BE54-9A1E7A4F7556}") = "ORMPostgreSQLTests", "DataBases\ORMPostgreSQLTests\ORMPostgreSQLTests.csproj", "{95F31C58-0353-4D99-B998-5DE1A80F9ACC}"
EndProject
Project("{9A19103F-16F7-4668-BE54-9A1E7A4F7556}") = "ORMSQLiteTests", "DataBases\ORMSQLiteTests\ORMSQLiteTests.csproj", "{367F2B89-946D-4F6B-836A-08A38B92A92E}"
EndProject
Project("{9A19103F-16F7-4668-BE54-9A1E7A4F7556}") = "SQLiteComplexTests", "DataBases\SQLiteComplexTests\SQLiteComplexTests.csproj", "{D21CEAAC-D0C0-4D76-99BE-AD8EADD858BF}"
EndProject
Project("{2150E333-8FDC-42A3-9474-1A3956D46DE8}") = "DataBases", "DataBases", "{90834621-8D54-4F9B-B4AC-821E110C4713}"
EndProject
Project("{2150E333-8FDC-42A3-9474-1A3956D46DE8}") = "Integration tests", "Integration tests", "{864B0344-B34C-4138-B6FC-7A3599B1A974}"
EndProject
Project("{9A19103F-16F7-4668-BE54-9A1E7A4F7556}") = "Domain", "Domain\Domain.csproj", "{D5FE3FC0-4B7C-4D83-BC80-BB9505043EB2}"
EndProject
Project("{9A19103F-16F7-4668-BE54-9A1E7A4F7556}") = "Interfaces", "Interfaces\Interfaces.csproj", "{75072E1C-2962-4A55-9D80-99092568D54B}"
EndProject
Project("{2150E333-8FDC-42A3-9474-1A3956D46DE8}") = "User", "User", "{6DCE05F8-0DD1-4B00-986F-657FA41C03CB}"
EndProject
Global
	GlobalSection(SolutionConfigurationPlatforms) = preSolution
		Debug|Any CPU = Debug|Any CPU
		Release|Any CPU = Release|Any CPU
	EndGlobalSection
	GlobalSection(ProjectConfigurationPlatforms) = postSolution
		{7BED929B-E7FF-4CC8-86FD-1B71E8FDD7F9}.Debug|Any CPU.ActiveCfg = Debug|Any CPU
		{7BED929B-E7FF-4CC8-86FD-1B71E8FDD7F9}.Debug|Any CPU.Build.0 = Debug|Any CPU
		{7BED929B-E7FF-4CC8-86FD-1B71E8FDD7F9}.Release|Any CPU.ActiveCfg = Release|Any CPU
		{7BED929B-E7FF-4CC8-86FD-1B71E8FDD7F9}.Release|Any CPU.Build.0 = Release|Any CPU
		{46F1B040-F9DC-499F-BF01-0CC2CFDB3B65}.Debug|Any CPU.ActiveCfg = Debug|Any CPU
		{46F1B040-F9DC-499F-BF01-0CC2CFDB3B65}.Debug|Any CPU.Build.0 = Debug|Any CPU
		{46F1B040-F9DC-499F-BF01-0CC2CFDB3B65}.Release|Any CPU.ActiveCfg = Release|Any CPU
		{46F1B040-F9DC-499F-BF01-0CC2CFDB3B65}.Release|Any CPU.Build.0 = Release|Any CPU
		{186DFE1D-A86B-41E5-8503-09A0C9898271}.Debug|Any CPU.ActiveCfg = Debug|Any CPU
		{186DFE1D-A86B-41E5-8503-09A0C9898271}.Debug|Any CPU.Build.0 = Debug|Any CPU
		{186DFE1D-A86B-41E5-8503-09A0C9898271}.Release|Any CPU.ActiveCfg = Release|Any CPU
		{186DFE1D-A86B-41E5-8503-09A0C9898271}.Release|Any CPU.Build.0 = Release|Any CPU
		{59ECDD04-398C-4EB5-8433-F6F041C64C53}.Debug|Any CPU.ActiveCfg = Debug|Any CPU
		{59ECDD04-398C-4EB5-8433-F6F041C64C53}.Debug|Any CPU.Build.0 = Debug|Any CPU
		{59ECDD04-398C-4EB5-8433-F6F041C64C53}.Release|Any CPU.ActiveCfg = Release|Any CPU
		{59ECDD04-398C-4EB5-8433-F6F041C64C53}.Release|Any CPU.Build.0 = Release|Any CPU
		{879A2A47-C644-44C6-8511-78389CC0F82B}.Debug|Any CPU.ActiveCfg = Debug|Any CPU
		{879A2A47-C644-44C6-8511-78389CC0F82B}.Debug|Any CPU.Build.0 = Debug|Any CPU
		{879A2A47-C644-44C6-8511-78389CC0F82B}.Release|Any CPU.ActiveCfg = Release|Any CPU
		{879A2A47-C644-44C6-8511-78389CC0F82B}.Release|Any CPU.Build.0 = Release|Any CPU
		{95F31C58-0353-4D99-B998-5DE1A80F9ACC}.Debug|Any CPU.ActiveCfg = Debug|Any CPU
		{95F31C58-0353-4D99-B998-5DE1A80F9ACC}.Debug|Any CPU.Build.0 = Debug|Any CPU
		{95F31C58-0353-4D99-B998-5DE1A80F9ACC}.Release|Any CPU.ActiveCfg = Release|Any CPU
		{95F31C58-0353-4D99-B998-5DE1A80F9ACC}.Release|Any CPU.Build.0 = Release|Any CPU
		{367F2B89-946D-4F6B-836A-08A38B92A92E}.Debug|Any CPU.ActiveCfg = Debug|Any CPU
		{367F2B89-946D-4F6B-836A-08A38B92A92E}.Debug|Any CPU.Build.0 = Debug|Any CPU
		{367F2B89-946D-4F6B-836A-08A38B92A92E}.Release|Any CPU.ActiveCfg = Release|Any CPU
		{367F2B89-946D-4F6B-836A-08A38B92A92E}.Release|Any CPU.Build.0 = Release|Any CPU
		{D21CEAAC-D0C0-4D76-99BE-AD8EADD858BF}.Debug|Any CPU.ActiveCfg = Debug|Any CPU
		{D21CEAAC-D0C0-4D76-99BE-AD8EADD858BF}.Debug|Any CPU.Build.0 = Debug|Any CPU
		{D21CEAAC-D0C0-4D76-99BE-AD8EADD858BF}.Release|Any CPU.ActiveCfg = Release|Any CPU
		{D21CEAAC-D0C0-4D76-99BE-AD8EADD858BF}.Release|Any CPU.Build.0 = Release|Any CPU
		{D5FE3FC0-4B7C-4D83-BC80-BB9505043EB2}.Debug|Any CPU.ActiveCfg = Debug|Any CPU
		{D5FE3FC0-4B7C-4D83-BC80-BB9505043EB2}.Debug|Any CPU.Build.0 = Debug|Any CPU
		{D5FE3FC0-4B7C-4D83-BC80-BB9505043EB2}.Release|Any CPU.ActiveCfg = Release|Any CPU
		{D5FE3FC0-4B7C-4D83-BC80-BB9505043EB2}.Release|Any CPU.Build.0 = Release|Any CPU
		{75072E1C-2962-4A55-9D80-99092568D54B}.Debug|Any CPU.ActiveCfg = Debug|Any CPU
		{75072E1C-2962-4A55-9D80-99092568D54B}.Debug|Any CPU.Build.0 = Debug|Any CPU
		{75072E1C-2962-4A55-9D80-99092568D54B}.Release|Any CPU.ActiveCfg = Release|Any CPU
		{75072E1C-2962-4A55-9D80-99092568D54B}.Release|Any CPU.Build.0 = Release|Any CPU
	EndGlobalSection
	GlobalSection(SolutionProperties) = preSolution
		HideSolutionNode = FALSE
	EndGlobalSection
	GlobalSection(NestedProjects) = preSolution
		{7BED929B-E7FF-4CC8-86FD-1B71E8FDD7F9} = {90834621-8D54-4F9B-B4AC-821E110C4713}
		{46F1B040-F9DC-499F-BF01-0CC2CFDB3B65} = {90834621-8D54-4F9B-B4AC-821E110C4713}
		{186DFE1D-A86B-41E5-8503-09A0C9898271} = {90834621-8D54-4F9B-B4AC-821E110C4713}
		{59ECDD04-398C-4EB5-8433-F6F041C64C53} = {90834621-8D54-4F9B-B4AC-821E110C4713}
		{879A2A47-C644-44C6-8511-78389CC0F82B} = {864B0344-B34C-4138-B6FC-7A3599B1A974}
		{95F31C58-0353-4D99-B998-5DE1A80F9ACC} = {864B0344-B34C-4138-B6FC-7A3599B1A974}
		{367F2B89-946D-4F6B-836A-08A38B92A92E} = {864B0344-B34C-4138-B6FC-7A3599B1A974}
		{D21CEAAC-D0C0-4D76-99BE-AD8EADD858BF} = {864B0344-B34C-4138-B6FC-7A3599B1A974}
		{864B0344-B34C-4138-B6FC-7A3599B1A974} = {90834621-8D54-4F9B-B4AC-821E110C4713}
		{D5FE3FC0-4B7C-4D83-BC80-BB9505043EB2} = {6DCE05F8-0DD1-4B00-986F-657FA41C03CB}
	EndGlobalSection
	GlobalSection(ExtensibilityGlobals) = postSolution
		SolutionGuid = {51CF8C6A-E83F-4487-A935-3635E8976825}
	EndGlobalSection
EndGlobal
